// !$*UTF8*$!
{
	archiveVersion = 1;
	classes = {
	};
	objectVersion = 77;
	objects = {

/* Begin PBXBuildFile section */
		5B3285D22F587C5C0038D08E /* WidgetKit.framework in Frameworks */ = {isa = PBXBuildFile; fileRef = 5BD07EA92F50DE74006BE706 /* WidgetKit.framework */; };
		5B3285D32F587C5C0038D08E /* SwiftUI.framework in Frameworks */ = {isa = PBXBuildFile; fileRef = 5BD07EAB2F50DE74006BE706 /* SwiftUI.framework */; };
		5B3285E42F587C5D0038D08E /* NextRankUpWidgetExtension.appex in Embed Foundation Extensions */ = {isa = PBXBuildFile; fileRef = 5B3285D12F587C5B0038D08E /* NextRankUpWidgetExtension.appex */; settings = {ATTRIBUTES = (RemoveHeadersOnCopy, ); }; };
		5B804F0C2F5F0EC0003B5851 /* WidgetKit.framework in Frameworks */ = {isa = PBXBuildFile; fileRef = 5BD07EA92F50DE74006BE706 /* WidgetKit.framework */; };
		5B804F0D2F5F0EC0003B5851 /* SwiftUI.framework in Frameworks */ = {isa = PBXBuildFile; fileRef = 5BD07EAB2F50DE74006BE706 /* SwiftUI.framework */; };
		5B804F1E2F5F0EC1003B5851 /* BestRankWidgetExtension.appex in Embed Foundation Extensions */ = {isa = PBXBuildFile; fileRef = 5B804F0B2F5F0EC0003B5851 /* BestRankWidgetExtension.appex */; settings = {ATTRIBUTES = (RemoveHeadersOnCopy, ); }; };
		5B804F2C2F60B423003B5851 /* WidgetKit.framework in Frameworks */ = {isa = PBXBuildFile; fileRef = 5BD07EA92F50DE74006BE706 /* WidgetKit.framework */; };
		5B804F2D2F60B423003B5851 /* SwiftUI.framework in Frameworks */ = {isa = PBXBuildFile; fileRef = 5BD07EAB2F50DE74006BE706 /* SwiftUI.framework */; };
		5B804F3E2F60B424003B5851 /* BestRankWidgetMediumExtension.appex in Embed Foundation Extensions */ = {isa = PBXBuildFile; fileRef = 5B804F2B2F60B423003B5851 /* BestRankWidgetMediumExtension.appex */; settings = {ATTRIBUTES = (RemoveHeadersOnCopy, ); }; };
		5B804F4E2F62FAFD003B5851 /* WidgetKit.framework in Frameworks */ = {isa = PBXBuildFile; fileRef = 5BD07EA92F50DE74006BE706 /* WidgetKit.framework */; };
		5B804F4F2F62FAFD003B5851 /* SwiftUI.framework in Frameworks */ = {isa = PBXBuildFile; fileRef = 5BD07EAB2F50DE74006BE706 /* SwiftUI.framework */; };
		5B804F602F62FAFF003B5851 /* LatestRankupMediumExtension.appex in Embed Foundation Extensions */ = {isa = PBXBuildFile; fileRef = 5B804F4D2F62FAFD003B5851 /* LatestRankupMediumExtension.appex */; settings = {ATTRIBUTES = (RemoveHeadersOnCopy, ); }; };
		5B82F5A02F5AD2300028F6F6 /* WidgetKit.framework in Frameworks */ = {isa = PBXBuildFile; fileRef = 5BD07EA92F50DE74006BE706 /* WidgetKit.framework */; };
		5B82F5A12F5AD2300028F6F6 /* SwiftUI.framework in Frameworks */ = {isa = PBXBuildFile; fileRef = 5BD07EAB2F50DE74006BE706 /* SwiftUI.framework */; };
		5B82F5B22F5AD2310028F6F6 /* NextRankUpWidgetMediumExtension.appex in Embed Foundation Extensions */ = {isa = PBXBuildFile; fileRef = 5B82F59F2F5AD2300028F6F6 /* NextRankUpWidgetMediumExtension.appex */; settings = {ATTRIBUTES = (RemoveHeadersOnCopy, ); }; };
		5BD07EAA2F50DE74006BE706 /* WidgetKit.framework in Frameworks */ = {isa = PBXBuildFile; fileRef = 5BD07EA92F50DE74006BE706 /* WidgetKit.framework */; };
		5BD07EAC2F50DE74006BE706 /* SwiftUI.framework in Frameworks */ = {isa = PBXBuildFile; fileRef = 5BD07EAB2F50DE74006BE706 /* SwiftUI.framework */; };
		5BD07EBD2F50DE75006BE706 /* MainLiftoffRankWidgetExtension.appex in Embed Foundation Extensions */ = {isa = PBXBuildFile; fileRef = 5BD07EA72F50DE73006BE706 /* MainLiftoffRankWidgetExtension.appex */; settings = {ATTRIBUTES = (RemoveHeadersOnCopy, ); }; };
		5BD07ECA2F524BA4006BE706 /* WidgetKit.framework in Frameworks */ = {isa = PBXBuildFile; fileRef = 5BD07EA92F50DE74006BE706 /* WidgetKit.framework */; };
		5BD07ECB2F524BA4006BE706 /* SwiftUI.framework in Frameworks */ = {isa = PBXBuildFile; fileRef = 5BD07EAB2F50DE74006BE706 /* SwiftUI.framework */; };
		5BD07EDC2F524BA5006BE706 /* MainLiftoffRankWidgetMascotExtension.appex in Embed Foundation Extensions */ = {isa = PBXBuildFile; fileRef = 5BD07EC92F524BA4006BE706 /* MainLiftoffRankWidgetMascotExtension.appex */; settings = {ATTRIBUTES = (RemoveHeadersOnCopy, ); }; };
		5BD07F0C2F5362C1006BE706 /* WidgetKit.framework in Frameworks */ = {isa = PBXBuildFile; fileRef = 5BD07EA92F50DE74006BE706 /* WidgetKit.framework */; };
		5BD07F0D2F5362C1006BE706 /* SwiftUI.framework in Frameworks */ = {isa = PBXBuildFile; fileRef = 5BD07EAB2F50DE74006BE706 /* SwiftUI.framework */; };
		5BD07F1E2F5362C2006BE706 /* MainLiftoffRankWidgetMascotMediumExtension.appex in Embed Foundation Extensions */ = {isa = PBXBuildFile; fileRef = 5BD07F0B2F5362C1006BE706 /* MainLiftoffRankWidgetMascotMediumExtension.appex */; settings = {ATTRIBUTES = (RemoveHeadersOnCopy, ); }; };
		5BD07F2A2F579852006BE706 /* WidgetKit.framework in Frameworks */ = {isa = PBXBuildFile; fileRef = 5BD07EA92F50DE74006BE706 /* WidgetKit.framework */; };
		5BD07F2B2F579852006BE706 /* SwiftUI.framework in Frameworks */ = {isa = PBXBuildFile; fileRef = 5BD07EAB2F50DE74006BE706 /* SwiftUI.framework */; };
		5BD07F3C2F579854006BE706 /* MainLiftoffRankWidgetMediumExtension.appex in Embed Foundation Extensions */ = {isa = PBXBuildFile; fileRef = 5BD07F292F579852006BE706 /* MainLiftoffRankWidgetMediumExtension.appex */; settings = {ATTRIBUTES = (RemoveHeadersOnCopy, ); }; };
/* End PBXBuildFile section */

/* Begin PBXContainerItemProxy section */
		5B3285E22F587C5D0038D08E /* PBXContainerItemProxy */ = {
			isa = PBXContainerItemProxy;
			containerPortal = 5BD07E8D2F50DE43006BE706 /* Project object */;
			proxyType = 1;
			remoteGlobalIDString = 5B3285D02F587C5B0038D08E;
			remoteInfo = NextRankUpWidgetExtension;
		};
		5B804F1C2F5F0EC1003B5851 /* PBXContainerItemProxy */ = {
			isa = PBXContainerItemProxy;
			containerPortal = 5BD07E8D2F50DE43006BE706 /* Project object */;
			proxyType = 1;
			remoteGlobalIDString = 5B804F0A2F5F0EC0003B5851;
			remoteInfo = BestRankWidgetExtension;
		};
		5B804F3C2F60B424003B5851 /* PBXContainerItemProxy */ = {
			isa = PBXContainerItemProxy;
			containerPortal = 5BD07E8D2F50DE43006BE706 /* Project object */;
			proxyType = 1;
			remoteGlobalIDString = 5B804F2A2F60B423003B5851;
			remoteInfo = BestRankWidgetMediumExtension;
		};
		5B804F5E2F62FAFF003B5851 /* PBXContainerItemProxy */ = {
			isa = PBXContainerItemProxy;
			containerPortal = 5BD07E8D2F50DE43006BE706 /* Project object */;
			proxyType = 1;
			remoteGlobalIDString = 5B804F4C2F62FAFD003B5851;
			remoteInfo = LatestRankupMediumExtension;
		};
		5B82F5B02F5AD2310028F6F6 /* PBXContainerItemProxy */ = {
			isa = PBXContainerItemProxy;
			containerPortal = 5BD07E8D2F50DE43006BE706 /* Project object */;
			proxyType = 1;
			remoteGlobalIDString = 5B82F59E2F5AD2300028F6F6;
			remoteInfo = NextRankUpWidgetMediumExtension;
		};
		5BD07EBB2F50DE75006BE706 /* PBXContainerItemProxy */ = {
			isa = PBXContainerItemProxy;
			containerPortal = 5BD07E8D2F50DE43006BE706 /* Project object */;
			proxyType = 1;
			remoteGlobalIDString = 5BD07EA62F50DE73006BE706;
			remoteInfo = MainLiftoffRankWidgetExtension;
		};
		5BD07EDA2F524BA5006BE706 /* PBXContainerItemProxy */ = {
			isa = PBXContainerItemProxy;
			containerPortal = 5BD07E8D2F50DE43006BE706 /* Project object */;
			proxyType = 1;
			remoteGlobalIDString = 5BD07EC82F524BA4006BE706;
			remoteInfo = MainLiftoffRankWidgetMascotExtension;
		};
		5BD07F1C2F5362C2006BE706 /* PBXContainerItemProxy */ = {
			isa = PBXContainerItemProxy;
			containerPortal = 5BD07E8D2F50DE43006BE706 /* Project object */;
			proxyType = 1;
			remoteGlobalIDString = 5BD07F0A2F5362C1006BE706;
			remoteInfo = MainLiftoffRankWidgetMascotMediumExtension;
		};
		5BD07F3A2F579854006BE706 /* PBXContainerItemProxy */ = {
			isa = PBXContainerItemProxy;
			containerPortal = 5BD07E8D2F50DE43006BE706 /* Project object */;
			proxyType = 1;
			remoteGlobalIDString = 5BD07F282F579852006BE706;
			remoteInfo = MainLiftoffRankWidgetMediumExtension;
		};
/* End PBXContainerItemProxy section */

/* Begin PBXCopyFilesBuildPhase section */
		5BD07EC22F50DE75006BE706 /* Embed Foundation Extensions */ = {
			isa = PBXCopyFilesBuildPhase;
			buildActionMask = 2147483647;
			dstPath = "";
			dstSubfolderSpec = 13;
			files = (
				5BD07EBD2F50DE75006BE706 /* MainLiftoffRankWidgetExtension.appex in Embed Foundation Extensions */,
				5B804F1E2F5F0EC1003B5851 /* BestRankWidgetExtension.appex in Embed Foundation Extensions */,
				5BD07F1E2F5362C2006BE706 /* MainLiftoffRankWidgetMascotMediumExtension.appex in Embed Foundation Extensions */,
				5B804F3E2F60B424003B5851 /* BestRankWidgetMediumExtension.appex in Embed Foundation Extensions */,
				5BD07EDC2F524BA5006BE706 /* MainLiftoffRankWidgetMascotExtension.appex in Embed Foundation Extensions */,
				5B804F602F62FAFF003B5851 /* LatestRankupMediumExtension.appex in Embed Foundation Extensions */,
				5B3285E42F587C5D0038D08E /* NextRankUpWidgetExtension.appex in Embed Foundation Extensions */,
				5BD07F3C2F579854006BE706 /* MainLiftoffRankWidgetMediumExtension.appex in Embed Foundation Extensions */,
				5B82F5B22F5AD2310028F6F6 /* NextRankUpWidgetMediumExtension.appex in Embed Foundation Extensions */,
			);
			name = "Embed Foundation Extensions";
			runOnlyForDeploymentPostprocessing = 0;
		};
/* End PBXCopyFilesBuildPhase section */

/* Begin PBXFileReference section */
		5B3285D12F587C5B0038D08E /* NextRankUpWidgetExtension.appex */ = {isa = PBXFileReference; explicitFileType = "wrapper.app-extension"; includeInIndex = 0; path = NextRankUpWidgetExtension.appex; sourceTree = BUILT_PRODUCTS_DIR; };
		5B804F0B2F5F0EC0003B5851 /* BestRankWidgetExtension.appex */ = {isa = PBXFileReference; explicitFileType = "wrapper.app-extension"; includeInIndex = 0; path = BestRankWidgetExtension.appex; sourceTree = BUILT_PRODUCTS_DIR; };
		5B804F2B2F60B423003B5851 /* BestRankWidgetMediumExtension.appex */ = {isa = PBXFileReference; explicitFileType = "wrapper.app-extension"; includeInIndex = 0; path = BestRankWidgetMediumExtension.appex; sourceTree = BUILT_PRODUCTS_DIR; };
		5B804F4D2F62FAFD003B5851 /* LatestRankupMediumExtension.appex */ = {isa = PBXFileReference; explicitFileType = "wrapper.app-extension"; includeInIndex = 0; path = LatestRankupMediumExtension.appex; sourceTree = BUILT_PRODUCTS_DIR; };
		5B82F59F2F5AD2300028F6F6 /* NextRankUpWidgetMediumExtension.appex */ = {isa = PBXFileReference; explicitFileType = "wrapper.app-extension"; includeInIndex = 0; path = NextRankUpWidgetMediumExtension.appex; sourceTree = BUILT_PRODUCTS_DIR; };
		5BD07E952F50DE43006BE706 /* LiftoffTemplate.app */ = {isa = PBXFileReference; explicitFileType = wrapper.application; includeInIndex = 0; path = LiftoffTemplate.app; sourceTree = BUILT_PRODUCTS_DIR; };
		5BD07EA72F50DE73006BE706 /* MainLiftoffRankWidgetExtension.appex */ = {isa = PBXFileReference; explicitFileType = "wrapper.app-extension"; includeInIndex = 0; path = MainLiftoffRankWidgetExtension.appex; sourceTree = BUILT_PRODUCTS_DIR; };
		5BD07EA92F50DE74006BE706 /* WidgetKit.framework */ = {isa = PBXFileReference; lastKnownFileType = wrapper.framework; name = WidgetKit.framework; path = System/Library/Frameworks/WidgetKit.framework; sourceTree = SDKROOT; };
		5BD07EAB2F50DE74006BE706 /* SwiftUI.framework */ = {isa = PBXFileReference; lastKnownFileType = wrapper.framework; name = SwiftUI.framework; path = System/Library/Frameworks/SwiftUI.framework; sourceTree = SDKROOT; };
		5BD07EC92F524BA4006BE706 /* MainLiftoffRankWidgetMascotExtension.appex */ = {isa = PBXFileReference; explicitFileType = "wrapper.app-extension"; includeInIndex = 0; path = MainLiftoffRankWidgetMascotExtension.appex; sourceTree = BUILT_PRODUCTS_DIR; };
		5BD07F0B2F5362C1006BE706 /* MainLiftoffRankWidgetMascotMediumExtension.appex */ = {isa = PBXFileReference; explicitFileType = "wrapper.app-extension"; includeInIndex = 0; path = MainLiftoffRankWidgetMascotMediumExtension.appex; sourceTree = BUILT_PRODUCTS_DIR; };
		5BD07F292F579852006BE706 /* MainLiftoffRankWidgetMediumExtension.appex */ = {isa = PBXFileReference; explicitFileType = "wrapper.app-extension"; includeInIndex = 0; path = MainLiftoffRankWidgetMediumExtension.appex; sourceTree = BUILT_PRODUCTS_DIR; };
/* End PBXFileReference section */

/* Begin PBXFileSystemSynchronizedBuildFileExceptionSet section */
		5B3285E72F587C5D0038D08E /* Exceptions for "NextRankUpWidget" folder in "NextRankUpWidgetExtension" target */ = {
			isa = PBXFileSystemSynchronizedBuildFileExceptionSet;
			membershipExceptions = (
				Info.plist,
			);
			target = 5B3285D02F587C5B0038D08E /* NextRankUpWidgetExtension */;
		};
		5B804F212F5F0EC1003B5851 /* Exceptions for "BestRankWidget" folder in "BestRankWidgetExtension" target */ = {
			isa = PBXFileSystemSynchronizedBuildFileExceptionSet;
			membershipExceptions = (
				Info.plist,
			);
			target = 5B804F0A2F5F0EC0003B5851 /* BestRankWidgetExtension */;
		};
		5B804F3F2F60B424003B5851 /* Exceptions for "BestRankWidgetMedium" folder in "BestRankWidgetMediumExtension" target */ = {
			isa = PBXFileSystemSynchronizedBuildFileExceptionSet;
			membershipExceptions = (
				Info.plist,
			);
			target = 5B804F2A2F60B423003B5851 /* BestRankWidgetMediumExtension */;
		};
		5B804F612F62FAFF003B5851 /* Exceptions for "LatestRankupMedium" folder in "LatestRankupMediumExtension" target */ = {
			isa = PBXFileSystemSynchronizedBuildFileExceptionSet;
			membershipExceptions = (
				Info.plist,
			);
			target = 5B804F4C2F62FAFD003B5851 /* LatestRankupMediumExtension */;
		};
		5B82F5B52F5AD2310028F6F6 /* Exceptions for "NextRankUpWidgetMedium" folder in "NextRankUpWidgetMediumExtension" target */ = {
			isa = PBXFileSystemSynchronizedBuildFileExceptionSet;
			membershipExceptions = (
				Info.plist,
			);
			target = 5B82F59E2F5AD2300028F6F6 /* NextRankUpWidgetMediumExtension */;
		};
		5BD07EBE2F50DE75006BE706 /* Exceptions for "MainLiftoffRankWidget" folder in "MainLiftoffRankWidgetExtension" target */ = {
			isa = PBXFileSystemSynchronizedBuildFileExceptionSet;
			membershipExceptions = (
				Info.plist,
			);
			target = 5BD07EA62F50DE73006BE706 /* MainLiftoffRankWidgetExtension */;
		};
		5BD07EDD2F524BA5006BE706 /* Exceptions for "MainLiftoffRankWidgetMascot" folder in "MainLiftoffRankWidgetMascotExtension" target */ = {
			isa = PBXFileSystemSynchronizedBuildFileExceptionSet;
			membershipExceptions = (
				Info.plist,
			);
			target = 5BD07EC82F524BA4006BE706 /* MainLiftoffRankWidgetMascotExtension */;
		};
		5BD07F1F2F5362C2006BE706 /* Exceptions for "MainLiftoffRankWidgetMascotMedium" folder in "MainLiftoffRankWidgetMascotMediumExtension" target */ = {
			isa = PBXFileSystemSynchronizedBuildFileExceptionSet;
			membershipExceptions = (
				Info.plist,
			);
			target = 5BD07F0A2F5362C1006BE706 /* MainLiftoffRankWidgetMascotMediumExtension */;
		};
		5BD07F3D2F579854006BE706 /* Exceptions for "MainLiftoffRankWidgetMedium" folder in "MainLiftoffRankWidgetMediumExtension" target */ = {
			isa = PBXFileSystemSynchronizedBuildFileExceptionSet;
			membershipExceptions = (
				Info.plist,
			);
			target = 5BD07F282F579852006BE706 /* MainLiftoffRankWidgetMediumExtension */;
		};
/* End PBXFileSystemSynchronizedBuildFileExceptionSet section */

/* Begin PBXFileSystemSynchronizedRootGroup section */
		5B3285D42F587C5C0038D08E /* NextRankUpWidget */ = {
			isa = PBXFileSystemSynchronizedRootGroup;
			exceptions = (
				5B3285E72F587C5D0038D08E /* Exceptions for "NextRankUpWidget" folder in "NextRankUpWidgetExtension" target */,
			);
			path = NextRankUpWidget;
			sourceTree = "<group>";
		};
		5B804F0E2F5F0EC0003B5851 /* BestRankWidget */ = {
			isa = PBXFileSystemSynchronizedRootGroup;
			exceptions = (
				5B804F212F5F0EC1003B5851 /* Exceptions for "BestRankWidget" folder in "BestRankWidgetExtension" target */,
			);
			path = BestRankWidget;
			sourceTree = "<group>";
		};
		5B804F2E2F60B423003B5851 /* BestRankWidgetMedium */ = {
			isa = PBXFileSystemSynchronizedRootGroup;
			exceptions = (
				5B804F3F2F60B424003B5851 /* Exceptions for "BestRankWidgetMedium" folder in "BestRankWidgetMediumExtension" target */,
			);
			path = BestRankWidgetMedium;
			sourceTree = "<group>";
		};
		5B804F502F62FAFD003B5851 /* LatestRankupMedium */ = {
			isa = PBXFileSystemSynchronizedRootGroup;
			exceptions = (
				5B804F612F62FAFF003B5851 /* Exceptions for "LatestRankupMedium" folder in "LatestRankupMediumExtension" target */,
			);
			path = LatestRankupMedium;
			sourceTree = "<group>";
		};
		5B82F5A22F5AD2300028F6F6 /* NextRankUpWidgetMedium */ = {
			isa = PBXFileSystemSynchronizedRootGroup;
			exceptions = (
				5B82F5B52F5AD2310028F6F6 /* Exceptions for "NextRankUpWidgetMedium" folder in "NextRankUpWidgetMediumExtension" target */,
			);
			path = NextRankUpWidgetMedium;
			sourceTree = "<group>";
		};
		5BD07E972F50DE43006BE706 /* LiftoffTemplate */ = {
			isa = PBXFileSystemSynchronizedRootGroup;
			path = LiftoffTemplate;
			sourceTree = "<group>";
		};
		5BD07EAD2F50DE74006BE706 /* MainLiftoffRankWidget */ = {
			isa = PBXFileSystemSynchronizedRootGroup;
			exceptions = (
				5BD07EBE2F50DE75006BE706 /* Exceptions for "MainLiftoffRankWidget" folder in "MainLiftoffRankWidgetExtension" target */,
			);
			path = MainLiftoffRankWidget;
			sourceTree = "<group>";
		};
		5BD07ECC2F524BA4006BE706 /* MainLiftoffRankWidgetMascot */ = {
			isa = PBXFileSystemSynchronizedRootGroup;
			exceptions = (
				5BD07EDD2F524BA5006BE706 /* Exceptions for "MainLiftoffRankWidgetMascot" folder in "MainLiftoffRankWidgetMascotExtension" target */,
			);
			path = MainLiftoffRankWidgetMascot;
			sourceTree = "<group>";
		};
		5BD07F0E2F5362C1006BE706 /* MainLiftoffRankWidgetMascotMedium */ = {
			isa = PBXFileSystemSynchronizedRootGroup;
			exceptions = (
				5BD07F1F2F5362C2006BE706 /* Exceptions for "MainLiftoffRankWidgetMascotMedium" folder in "MainLiftoffRankWidgetMascotMediumExtension" target */,
			);
			path = MainLiftoffRankWidgetMascotMedium;
			sourceTree = "<group>";
		};
		5BD07F2C2F579852006BE706 /* MainLiftoffRankWidgetMedium */ = {
			isa = PBXFileSystemSynchronizedRootGroup;
			exceptions = (
				5BD07F3D2F579854006BE706 /* Exceptions for "MainLiftoffRankWidgetMedium" folder in "MainLiftoffRankWidgetMediumExtension" target */,
			);
			path = MainLiftoffRankWidgetMedium;
			sourceTree = "<group>";
		};
/* End PBXFileSystemSynchronizedRootGroup section */

/* Begin PBXFrameworksBuildPhase section */
		5B3285CE2F587C5B0038D08E /* Frameworks */ = {
			isa = PBXFrameworksBuildPhase;
			buildActionMask = 2147483647;
			files = (
				5B3285D32F587C5C0038D08E /* SwiftUI.framework in Frameworks */,
				5B3285D22F587C5C0038D08E /* WidgetKit.framework in Frameworks */,
			);
			runOnlyForDeploymentPostprocessing = 0;
		};
		5B804F082F5F0EC0003B5851 /* Frameworks */ = {
			isa = PBXFrameworksBuildPhase;
			buildActionMask = 2147483647;
			files = (
				5B804F0D2F5F0EC0003B5851 /* SwiftUI.framework in Frameworks */,
				5B804F0C2F5F0EC0003B5851 /* WidgetKit.framework in Frameworks */,
			);
			runOnlyForDeploymentPostprocessing = 0;
		};
		5B804F282F60B423003B5851 /* Frameworks */ = {
			isa = PBXFrameworksBuildPhase;
			buildActionMask = 2147483647;
			files = (
				5B804F2D2F60B423003B5851 /* SwiftUI.framework in Frameworks */,
				5B804F2C2F60B423003B5851 /* WidgetKit.framework in Frameworks */,
			);
			runOnlyForDeploymentPostprocessing = 0;
		};
		5B804F4A2F62FAFD003B5851 /* Frameworks */ = {
			isa = PBXFrameworksBuildPhase;
			buildActionMask = 2147483647;
			files = (
				5B804F4F2F62FAFD003B5851 /* SwiftUI.framework in Frameworks */,
				5B804F4E2F62FAFD003B5851 /* WidgetKit.framework in Frameworks */,
			);
			runOnlyForDeploymentPostprocessing = 0;
		};
		5B82F59C2F5AD2300028F6F6 /* Frameworks */ = {
			isa = PBXFrameworksBuildPhase;
			buildActionMask = 2147483647;
			files = (
				5B82F5A12F5AD2300028F6F6 /* SwiftUI.framework in Frameworks */,
				5B82F5A02F5AD2300028F6F6 /* WidgetKit.framework in Frameworks */,
			);
			runOnlyForDeploymentPostprocessing = 0;
		};
		5BD07E922F50DE43006BE706 /* Frameworks */ = {
			isa = PBXFrameworksBuildPhase;
			buildActionMask = 2147483647;
			files = (
			);
			runOnlyForDeploymentPostprocessing = 0;
		};
		5BD07EA42F50DE73006BE706 /* Frameworks */ = {
			isa = PBXFrameworksBuildPhase;
			buildActionMask = 2147483647;
			files = (
				5BD07EAC2F50DE74006BE706 /* SwiftUI.framework in Frameworks */,
				5BD07EAA2F50DE74006BE706 /* WidgetKit.framework in Frameworks */,
			);
			runOnlyForDeploymentPostprocessing = 0;
		};
		5BD07EC62F524BA4006BE706 /* Frameworks */ = {
			isa = PBXFrameworksBuildPhase;
			buildActionMask = 2147483647;
			files = (
				5BD07ECB2F524BA4006BE706 /* SwiftUI.framework in Frameworks */,
				5BD07ECA2F524BA4006BE706 /* WidgetKit.framework in Frameworks */,
			);
			runOnlyForDeploymentPostprocessing = 0;
		};
		5BD07F082F5362C1006BE706 /* Frameworks */ = {
			isa = PBXFrameworksBuildPhase;
			buildActionMask = 2147483647;
			files = (
				5BD07F0D2F5362C1006BE706 /* SwiftUI.framework in Frameworks */,
				5BD07F0C2F5362C1006BE706 /* WidgetKit.framework in Frameworks */,
			);
			runOnlyForDeploymentPostprocessing = 0;
		};
		5BD07F262F579852006BE706 /* Frameworks */ = {
			isa = PBXFrameworksBuildPhase;
			buildActionMask = 2147483647;
			files = (
				5BD07F2B2F579852006BE706 /* SwiftUI.framework in Frameworks */,
				5BD07F2A2F579852006BE706 /* WidgetKit.framework in Frameworks */,
			);
			runOnlyForDeploymentPostprocessing = 0;
		};
/* End PBXFrameworksBuildPhase section */

/* Begin PBXGroup section */
		5BD07E8C2F50DE43006BE706 = {
			isa = PBXGroup;
			children = (
				5BD07E972F50DE43006BE706 /* LiftoffTemplate */,
				5BD07EAD2F50DE74006BE706 /* MainLiftoffRankWidget */,
				5BD07ECC2F524BA4006BE706 /* MainLiftoffRankWidgetMascot */,
				5BD07F0E2F5362C1006BE706 /* MainLiftoffRankWidgetMascotMedium */,
				5BD07F2C2F579852006BE706 /* MainLiftoffRankWidgetMedium */,
				5B3285D42F587C5C0038D08E /* NextRankUpWidget */,
				5B82F5A22F5AD2300028F6F6 /* NextRankUpWidgetMedium */,
				5B804F0E2F5F0EC0003B5851 /* BestRankWidget */,
				5B804F2E2F60B423003B5851 /* BestRankWidgetMedium */,
				5B804F502F62FAFD003B5851 /* LatestRankupMedium */,
				5BD07EA82F50DE74006BE706 /* Frameworks */,
				5BD07E962F50DE43006BE706 /* Products */,
			);
			sourceTree = "<group>";
		};
		5BD07E962F50DE43006BE706 /* Products */ = {
			isa = PBXGroup;
			children = (
				5BD07E952F50DE43006BE706 /* LiftoffTemplate.app */,
				5BD07EA72F50DE73006BE706 /* MainLiftoffRankWidgetExtension.appex */,
				5BD07EC92F524BA4006BE706 /* MainLiftoffRankWidgetMascotExtension.appex */,
				5BD07F0B2F5362C1006BE706 /* MainLiftoffRankWidgetMascotMediumExtension.appex */,
				5BD07F292F579852006BE706 /* MainLiftoffRankWidgetMediumExtension.appex */,
				5B3285D12F587C5B0038D08E /* NextRankUpWidgetExtension.appex */,
				5B82F59F2F5AD2300028F6F6 /* NextRankUpWidgetMediumExtension.appex */,
				5B804F0B2F5F0EC0003B5851 /* BestRankWidgetExtension.appex */,
				5B804F2B2F60B423003B5851 /* BestRankWidgetMediumExtension.appex */,
				5B804F4D2F62FAFD003B5851 /* LatestRankupMediumExtension.appex */,
			);
			name = Products;
			sourceTree = "<group>";
		};
		5BD07EA82F50DE74006BE706 /* Frameworks */ = {
			isa = PBXGroup;
			children = (
				5BD07EA92F50DE74006BE706 /* WidgetKit.framework */,
				5BD07EAB2F50DE74006BE706 /* SwiftUI.framework */,
			);
			name = Frameworks;
			sourceTree = "<group>";
		};
/* End PBXGroup section */

/* Begin PBXNativeTarget section */
		5B3285D02F587C5B0038D08E /* NextRankUpWidgetExtension */ = {
			isa = PBXNativeTarget;
			buildConfigurationList = 5B3285E82F587C5D0038D08E /* Build configuration list for PBXNativeTarget "NextRankUpWidgetExtension" */;
			buildPhases = (
				5B3285CD2F587C5B0038D08E /* Sources */,
				5B3285CE2F587C5B0038D08E /* Frameworks */,
				5B3285CF2F587C5B0038D08E /* Resources */,
			);
			buildRules = (
			);
			dependencies = (
			);
			fileSystemSynchronizedGroups = (
				5B3285D42F587C5C0038D08E /* NextRankUpWidget */,
			);
			name = NextRankUpWidgetExtension;
			packageProductDependencies = (
			);
			productName = NextRankUpWidgetExtension;
			productReference = 5B3285D12F587C5B0038D08E /* NextRankUpWidgetExtension.appex */;
			productType = "com.apple.product-type.app-extension";
		};
		5B804F0A2F5F0EC0003B5851 /* BestRankWidgetExtension */ = {
			isa = PBXNativeTarget;
			buildConfigurationList = 5B804F222F5F0EC1003B5851 /* Build configuration list for PBXNativeTarget "BestRankWidgetExtension" */;
			buildPhases = (
				5B804F072F5F0EC0003B5851 /* Sources */,
				5B804F082F5F0EC0003B5851 /* Frameworks */,
				5B804F092F5F0EC0003B5851 /* Resources */,
			);
			buildRules = (
			);
			dependencies = (
			);
			fileSystemSynchronizedGroups = (
				5B804F0E2F5F0EC0003B5851 /* BestRankWidget */,
			);
			name = BestRankWidgetExtension;
			packageProductDependencies = (
			);
			productName = BestRankWidgetExtension;
			productReference = 5B804F0B2F5F0EC0003B5851 /* BestRankWidgetExtension.appex */;
			productType = "com.apple.product-type.app-extension";
		};
		5B804F2A2F60B423003B5851 /* BestRankWidgetMediumExtension */ = {
			isa = PBXNativeTarget;
			buildConfigurationList = 5B804F402F60B424003B5851 /* Build configuration list for PBXNativeTarget "BestRankWidgetMediumExtension" */;
			buildPhases = (
				5B804F272F60B423003B5851 /* Sources */,
				5B804F282F60B423003B5851 /* Frameworks */,
				5B804F292F60B423003B5851 /* Resources */,
			);
			buildRules = (
			);
			dependencies = (
			);
			fileSystemSynchronizedGroups = (
				5B804F2E2F60B423003B5851 /* BestRankWidgetMedium */,
			);
			name = BestRankWidgetMediumExtension;
			packageProductDependencies = (
			);
			productName = BestRankWidgetMediumExtension;
			productReference = 5B804F2B2F60B423003B5851 /* BestRankWidgetMediumExtension.appex */;
			productType = "com.apple.product-type.app-extension";
		};
		5B804F4C2F62FAFD003B5851 /* LatestRankupMediumExtension */ = {
			isa = PBXNativeTarget;
			buildConfigurationList = 5B804F622F62FAFF003B5851 /* Build configuration list for PBXNativeTarget "LatestRankupMediumExtension" */;
			buildPhases = (
				5B804F492F62FAFD003B5851 /* Sources */,
				5B804F4A2F62FAFD003B5851 /* Frameworks */,
				5B804F4B2F62FAFD003B5851 /* Resources */,
			);
			buildRules = (
			);
			dependencies = (
			);
			fileSystemSynchronizedGroups = (
				5B804F502F62FAFD003B5851 /* LatestRankupMedium */,
			);
			name = LatestRankupMediumExtension;
			packageProductDependencies = (
			);
			productName = LatestRankupMediumExtension;
			productReference = 5B804F4D2F62FAFD003B5851 /* LatestRankupMediumExtension.appex */;
			productType = "com.apple.product-type.app-extension";
		};
		5B82F59E2F5AD2300028F6F6 /* NextRankUpWidgetMediumExtension */ = {
			isa = PBXNativeTarget;
			buildConfigurationList = 5B82F5B62F5AD2310028F6F6 /* Build configuration list for PBXNativeTarget "NextRankUpWidgetMediumExtension" */;
			buildPhases = (
				5B82F59B2F5AD2300028F6F6 /* Sources */,
				5B82F59C2F5AD2300028F6F6 /* Frameworks */,
				5B82F59D2F5AD2300028F6F6 /* Resources */,
			);
			buildRules = (
			);
			dependencies = (
			);
			fileSystemSynchronizedGroups = (
				5B82F5A22F5AD2300028F6F6 /* NextRankUpWidgetMedium */,
			);
			name = NextRankUpWidgetMediumExtension;
			packageProductDependencies = (
			);
			productName = NextRankUpWidgetMediumExtension;
			productReference = 5B82F59F2F5AD2300028F6F6 /* NextRankUpWidgetMediumExtension.appex */;
			productType = "com.apple.product-type.app-extension";
		};
		5BD07E942F50DE43006BE706 /* LiftoffTemplate */ = {
			isa = PBXNativeTarget;
			buildConfigurationList = 5BD07EA02F50DE45006BE706 /* Build configuration list for PBXNativeTarget "LiftoffTemplate" */;
			buildPhases = (
				5BD07E912F50DE43006BE706 /* Sources */,
				5BD07E922F50DE43006BE706 /* Frameworks */,
				5BD07E932F50DE43006BE706 /* Resources */,
				5BD07EC22F50DE75006BE706 /* Embed Foundation Extensions */,
			);
			buildRules = (
			);
			dependencies = (
				5BD07EBC2F50DE75006BE706 /* PBXTargetDependency */,
				5BD07EDB2F524BA5006BE706 /* PBXTargetDependency */,
				5BD07F1D2F5362C2006BE706 /* PBXTargetDependency */,
				5BD07F3B2F579854006BE706 /* PBXTargetDependency */,
				5B3285E32F587C5D0038D08E /* PBXTargetDependency */,
				5B82F5B12F5AD2310028F6F6 /* PBXTargetDependency */,
				5B804F1D2F5F0EC1003B5851 /* PBXTargetDependency */,
				5B804F3D2F60B424003B5851 /* PBXTargetDependency */,
				5B804F5F2F62FAFF003B5851 /* PBXTargetDependency */,
			);
			fileSystemSynchronizedGroups = (
				5BD07E972F50DE43006BE706 /* LiftoffTemplate */,
			);
			name = LiftoffTemplate;
			packageProductDependencies = (
			);
			productName = LiftoffTemplate;
			productReference = 5BD07E952F50DE43006BE706 /* LiftoffTemplate.app */;
			productType = "com.apple.product-type.application";
		};
		5BD07EA62F50DE73006BE706 /* MainLiftoffRankWidgetExtension */ = {
			isa = PBXNativeTarget;
			buildConfigurationList = 5BD07EBF2F50DE75006BE706 /* Build configuration list for PBXNativeTarget "MainLiftoffRankWidgetExtension" */;
			buildPhases = (
				5BD07EA32F50DE73006BE706 /* Sources */,
				5BD07EA42F50DE73006BE706 /* Frameworks */,
				5BD07EA52F50DE73006BE706 /* Resources */,
			);
			buildRules = (
			);
			dependencies = (
			);
			fileSystemSynchronizedGroups = (
				5BD07EAD2F50DE74006BE706 /* MainLiftoffRankWidget */,
			);
			name = MainLiftoffRankWidgetExtension;
			packageProductDependencies = (
			);
			productName = MainLiftoffRankWidgetExtension;
			productReference = 5BD07EA72F50DE73006BE706 /* MainLiftoffRankWidgetExtension.appex */;
			productType = "com.apple.product-type.app-extension";
		};
		5BD07EC82F524BA4006BE706 /* MainLiftoffRankWidgetMascotExtension */ = {
			isa = PBXNativeTarget;
			buildConfigurationList = 5BD07EDE2F524BA5006BE706 /* Build configuration list for PBXNativeTarget "MainLiftoffRankWidgetMascotExtension" */;
			buildPhases = (
				5BD07EC52F524BA4006BE706 /* Sources */,
				5BD07EC62F524BA4006BE706 /* Frameworks */,
				5BD07EC72F524BA4006BE706 /* Resources */,
			);
			buildRules = (
			);
			dependencies = (
			);
			fileSystemSynchronizedGroups = (
				5BD07ECC2F524BA4006BE706 /* MainLiftoffRankWidgetMascot */,
			);
			name = MainLiftoffRankWidgetMascotExtension;
			packageProductDependencies = (
			);
			productName = MainLiftoffRankWidgetMascotExtension;
			productReference = 5BD07EC92F524BA4006BE706 /* MainLiftoffRankWidgetMascotExtension.appex */;
			productType = "com.apple.product-type.app-extension";
		};
		5BD07F0A2F5362C1006BE706 /* MainLiftoffRankWidgetMascotMediumExtension */ = {
			isa = PBXNativeTarget;
			buildConfigurationList = 5BD07F202F5362C2006BE706 /* Build configuration list for PBXNativeTarget "MainLiftoffRankWidgetMascotMediumExtension" */;
			buildPhases = (
				5BD07F072F5362C1006BE706 /* Sources */,
				5BD07F082F5362C1006BE706 /* Frameworks */,
				5BD07F092F5362C1006BE706 /* Resources */,
			);
			buildRules = (
			);
			dependencies = (
			);
			fileSystemSynchronizedGroups = (
				5BD07F0E2F5362C1006BE706 /* MainLiftoffRankWidgetMascotMedium */,
			);
			name = MainLiftoffRankWidgetMascotMediumExtension;
			packageProductDependencies = (
			);
			productName = MainLiftoffRankWidgetMascotMediumExtension;
			productReference = 5BD07F0B2F5362C1006BE706 /* MainLiftoffRankWidgetMascotMediumExtension.appex */;
			productType = "com.apple.product-type.app-extension";
		};
		5BD07F282F579852006BE706 /* MainLiftoffRankWidgetMediumExtension */ = {
			isa = PBXNativeTarget;
			buildConfigurationList = 5BD07F3E2F579854006BE706 /* Build configuration list for PBXNativeTarget "MainLiftoffRankWidgetMediumExtension" */;
			buildPhases = (
				5BD07F252F579852006BE706 /* Sources */,
				5BD07F262F579852006BE706 /* Frameworks */,
				5BD07F272F579852006BE706 /* Resources */,
			);
			buildRules = (
			);
			dependencies = (
			);
			fileSystemSynchronizedGroups = (
				5BD07F2C2F579852006BE706 /* MainLiftoffRankWidgetMedium */,
			);
			name = MainLiftoffRankWidgetMediumExtension;
			packageProductDependencies = (
			);
			productName = MainLiftoffRankWidgetMediumExtension;
			productReference = 5BD07F292F579852006BE706 /* MainLiftoffRankWidgetMediumExtension.appex */;
			productType = "com.apple.product-type.app-extension";
		};
/* End PBXNativeTarget section */

/* Begin PBXProject section */
		5BD07E8D2F50DE43006BE706 /* Project object */ = {
			isa = PBXProject;
			attributes = {
				BuildIndependentTargetsInParallel = 1;
				LastSwiftUpdateCheck = 2620;
				LastUpgradeCheck = 2620;
				TargetAttributes = {
					5B3285D02F587C5B0038D08E = {
						CreatedOnToolsVersion = 26.2;
					};
					5B804F0A2F5F0EC0003B5851 = {
						CreatedOnToolsVersion = 26.2;
					};
					5B804F2A2F60B423003B5851 = {
						CreatedOnToolsVersion = 26.2;
					};
					5B804F4C2F62FAFD003B5851 = {
						CreatedOnToolsVersion = 26.2;
					};
					5B82F59E2F5AD2300028F6F6 = {
						CreatedOnToolsVersion = 26.2;
					};
					5BD07E942F50DE43006BE706 = {
						CreatedOnToolsVersion = 26.2;
					};
					5BD07EA62F50DE73006BE706 = {
						CreatedOnToolsVersion = 26.2;
					};
					5BD07EC82F524BA4006BE706 = {
						CreatedOnToolsVersion = 26.2;
					};
					5BD07F0A2F5362C1006BE706 = {
						CreatedOnToolsVersion = 26.2;
					};
					5BD07F282F579852006BE706 = {
						CreatedOnToolsVersion = 26.2;
					};
				};
			};
			buildConfigurationList = 5BD07E902F50DE43006BE706 /* Build configuration list for PBXProject "LiftoffTemplate" */;
			developmentRegion = en;
			hasScannedForEncodings = 0;
			knownRegions = (
				en,
				Base,
			);
			mainGroup = 5BD07E8C2F50DE43006BE706;
			minimizedProjectReferenceProxies = 1;
			preferredProjectObjectVersion = 77;
			productRefGroup = 5BD07E962F50DE43006BE706 /* Products */;
			projectDirPath = "";
			projectRoot = "";
			targets = (
				5BD07E942F50DE43006BE706 /* LiftoffTemplate */,
				5BD07EA62F50DE73006BE706 /* MainLiftoffRankWidgetExtension */,
				5BD07EC82F524BA4006BE706 /* MainLiftoffRankWidgetMascotExtension */,
				5BD07F0A2F5362C1006BE706 /* MainLiftoffRankWidgetMascotMediumExtension */,
				5BD07F282F579852006BE706 /* MainLiftoffRankWidgetMediumExtension */,
				5B3285D02F587C5B0038D08E /* NextRankUpWidgetExtension */,
				5B82F59E2F5AD2300028F6F6 /* NextRankUpWidgetMediumExtension */,
				5B804F0A2F5F0EC0003B5851 /* BestRankWidgetExtension */,
				5B804F2A2F60B423003B5851 /* BestRankWidgetMediumExtension */,
				5B804F4C2F62FAFD003B5851 /* LatestRankupMediumExtension */,
			);
		};
/* End PBXProject section */

/* Begin PBXResourcesBuildPhase section */
		5B3285CF2F587C5B0038D08E /* Resources */ = {
			isa = PBXResourcesBuildPhase;
			buildActionMask = 2147483647;
			files = (
			);
			runOnlyForDeploymentPostprocessing = 0;
		};
		5B804F092F5F0EC0003B5851 /* Resources */ = {
			isa = PBXResourcesBuildPhase;
			buildActionMask = 2147483647;
			files = (
			);
			runOnlyForDeploymentPostprocessing = 0;
		};
		5B804F292F60B423003B5851 /* Resources */ = {
			isa = PBXResourcesBuildPhase;
			buildActionMask = 2147483647;
			files = (
			);
			runOnlyForDeploymentPostprocessing = 0;
		};
		5B804F4B2F62FAFD003B5851 /* Resources */ = {
			isa = PBXResourcesBuildPhase;
			buildActionMask = 2147483647;
			files = (
			);
			runOnlyForDeploymentPostprocessing = 0;
		};
		5B82F59D2F5AD2300028F6F6 /* Resources */ = {
			isa = PBXResourcesBuildPhase;
			buildActionMask = 2147483647;
			files = (
			);
			runOnlyForDeploymentPostprocessing = 0;
		};
		5BD07E932F50DE43006BE706 /* Resources */ = {
			isa = PBXResourcesBuildPhase;
			buildActionMask = 2147483647;
			files = (
			);
			runOnlyForDeploymentPostprocessing = 0;
		};
		5BD07EA52F50DE73006BE706 /* Resources */ = {
			isa = PBXResourcesBuildPhase;
			buildActionMask = 2147483647;
			files = (
			);
			runOnlyForDeploymentPostprocessing = 0;
		};
		5BD07EC72F524BA4006BE706 /* Resources */ = {
			isa = PBXResourcesBuildPhase;
			buildActionMask = 2147483647;
			files = (
			);
			runOnlyForDeploymentPostprocessing = 0;
		};
		5BD07F092F5362C1006BE706 /* Resources */ = {
			isa = PBXResourcesBuildPhase;
			buildActionMask = 2147483647;
			files = (
			);
			runOnlyForDeploymentPostprocessing = 0;
		};
		5BD07F272F579852006BE706 /* Resources */ = {
			isa = PBXResourcesBuildPhase;
			buildActionMask = 2147483647;
			files = (
			);
			runOnlyForDeploymentPostprocessing = 0;
		};
/* End PBXResourcesBuildPhase section */

/* Begin PBXSourcesBuildPhase section */
		5B3285CD2F587C5B0038D08E /* Sources */ = {
			isa = PBXSourcesBuildPhase;
			buildActionMask = 2147483647;
			files = (
			);
			runOnlyForDeploymentPostprocessing = 0;
		};
		5B804F072F5F0EC0003B5851 /* Sources */ = {
			isa = PBXSourcesBuildPhase;
			buildActionMask = 2147483647;
			files = (
			);
			runOnlyForDeploymentPostprocessing = 0;
		};
		5B804F272F60B423003B5851 /* Sources */ = {
			isa = PBXSourcesBuildPhase;
			buildActionMask = 2147483647;
			files = (
			);
			runOnlyForDeploymentPostprocessing = 0;
		};
		5B804F492F62FAFD003B5851 /* Sources */ = {
			isa = PBXSourcesBuildPhase;
			buildActionMask = 2147483647;
			files = (
			);
			runOnlyForDeploymentPostprocessing = 0;
		};
		5B82F59B2F5AD2300028F6F6 /* Sources */ = {
			isa = PBXSourcesBuildPhase;
			buildActionMask = 2147483647;
			files = (
			);
			runOnlyForDeploymentPostprocessing = 0;
		};
		5BD07E912F50DE43006BE706 /* Sources */ = {
			isa = PBXSourcesBuildPhase;
			buildActionMask = 2147483647;
			files = (
			);
			runOnlyForDeploymentPostprocessing = 0;
		};
		5BD07EA32F50DE73006BE706 /* Sources */ = {
			isa = PBXSourcesBuildPhase;
			buildActionMask = 2147483647;
			files = (
			);
			runOnlyForDeploymentPostprocessing = 0;
		};
		5BD07EC52F524BA4006BE706 /* Sources */ = {
			isa = PBXSourcesBuildPhase;
			buildActionMask = 2147483647;
			files = (
			);
			runOnlyForDeploymentPostprocessing = 0;
		};
		5BD07F072F5362C1006BE706 /* Sources */ = {
			isa = PBXSourcesBuildPhase;
			buildActionMask = 2147483647;
			files = (
			);
			runOnlyForDeploymentPostprocessing = 0;
		};
		5BD07F252F579852006BE706 /* Sources */ = {
			isa = PBXSourcesBuildPhase;
			buildActionMask = 2147483647;
			files = (
			);
			runOnlyForDeploymentPostprocessing = 0;
		};
/* End PBXSourcesBuildPhase section */

/* Begin PBXTargetDependency section */
		5B3285E32F587C5D0038D08E /* PBXTargetDependency */ = {
			isa = PBXTargetDependency;
			target = 5B3285D02F587C5B0038D08E /* NextRankUpWidgetExtension */;
			targetProxy = 5B3285E22F587C5D0038D08E /* PBXContainerItemProxy */;
		};
		5B804F1D2F5F0EC1003B5851 /* PBXTargetDependency */ = {
			isa = PBXTargetDependency;
			target = 5B804F0A2F5F0EC0003B5851 /* BestRankWidgetExtension */;
			targetProxy = 5B804F1C2F5F0EC1003B5851 /* PBXContainerItemProxy */;
		};
		5B804F3D2F60B424003B5851 /* PBXTargetDependency */ = {
			isa = PBXTargetDependency;
			target = 5B804F2A2F60B423003B5851 /* BestRankWidgetMediumExtension */;
			targetProxy = 5B804F3C2F60B424003B5851 /* PBXContainerItemProxy */;
		};
		5B804F5F2F62FAFF003B5851 /* PBXTargetDependency */ = {
			isa = PBXTargetDependency;
			target = 5B804F4C2F62FAFD003B5851 /* LatestRankupMediumExtension */;
			targetProxy = 5B804F5E2F62FAFF003B5851 /* PBXContainerItemProxy */;
		};
		5B82F5B12F5AD2310028F6F6 /* PBXTargetDependency */ = {
			isa = PBXTargetDependency;
			target = 5B82F59E2F5AD2300028F6F6 /* NextRankUpWidgetMediumExtension */;
			targetProxy = 5B82F5B02F5AD2310028F6F6 /* PBXContainerItemProxy */;
		};
		5BD07EBC2F50DE75006BE706 /* PBXTargetDependency */ = {
			isa = PBXTargetDependency;
			target = 5BD07EA62F50DE73006BE706 /* MainLiftoffRankWidgetExtension */;
			targetProxy = 5BD07EBB2F50DE75006BE706 /* PBXContainerItemProxy */;
		};
		5BD07EDB2F524BA5006BE706 /* PBXTargetDependency */ = {
			isa = PBXTargetDependency;
			target = 5BD07EC82F524BA4006BE706 /* MainLiftoffRankWidgetMascotExtension */;
			targetProxy = 5BD07EDA2F524BA5006BE706 /* PBXContainerItemProxy */;
		};
		5BD07F1D2F5362C2006BE706 /* PBXTargetDependency */ = {
			isa = PBXTargetDependency;
			target = 5BD07F0A2F5362C1006BE706 /* MainLiftoffRankWidgetMascotMediumExtension */;
			targetProxy = 5BD07F1C2F5362C2006BE706 /* PBXContainerItemProxy */;
		};
		5BD07F3B2F579854006BE706 /* PBXTargetDependency */ = {
			isa = PBXTargetDependency;
			target = 5BD07F282F579852006BE706 /* MainLiftoffRankWidgetMediumExtension */;
			targetProxy = 5BD07F3A2F579854006BE706 /* PBXContainerItemProxy */;
		};
/* End PBXTargetDependency section */

/* Begin XCBuildConfiguration section */
		5B3285E52F587C5D0038D08E /* Debug */ = {
			isa = XCBuildConfiguration;
			buildSettings = {
				ASSETCATALOG_COMPILER_GLOBAL_ACCENT_COLOR_NAME = AccentColor;
				ASSETCATALOG_COMPILER_WIDGET_BACKGROUND_COLOR_NAME = WidgetBackground;
				CODE_SIGN_STYLE = Automatic;
				CURRENT_PROJECT_VERSION = 1;
				DEVELOPMENT_TEAM = 474KTUB9B4;
				GENERATE_INFOPLIST_FILE = YES;
				INFOPLIST_FILE = NextRankUpWidget/Info.plist;
				INFOPLIST_KEY_CFBundleDisplayName = NextRankUpWidget;
				INFOPLIST_KEY_NSHumanReadableCopyright = "";
				LD_RUNPATH_SEARCH_PATHS = (
					"$(inherited)",
					"@executable_path/Frameworks",
					"@executable_path/../../Frameworks",
				);
				MARKETING_VERSION = 1.0;
				PRODUCT_BUNDLE_IDENTIFIER = com.khalid.cpp.LiftoffTemplate.NextRankUpWidget;
				PRODUCT_NAME = "$(TARGET_NAME)";
				SKIP_INSTALL = YES;
				STRING_CATALOG_GENERATE_SYMBOLS = YES;
				SWIFT_APPROACHABLE_CONCURRENCY = YES;
				SWIFT_EMIT_LOC_STRINGS = YES;
				SWIFT_UPCOMING_FEATURE_MEMBER_IMPORT_VISIBILITY = YES;
				SWIFT_VERSION = 5.0;
				TARGETED_DEVICE_FAMILY = "1,2";
			};
			name = Debug;
		};
		5B3285E62F587C5D0038D08E /* Release */ = {
			isa = XCBuildConfiguration;
			buildSettings = {
				ASSETCATALOG_COMPILER_GLOBAL_ACCENT_COLOR_NAME = AccentColor;
				ASSETCATALOG_COMPILER_WIDGET_BACKGROUND_COLOR_NAME = WidgetBackground;
				CODE_SIGN_STYLE = Automatic;
				CURRENT_PROJECT_VERSION = 1;
				DEVELOPMENT_TEAM = 474KTUB9B4;
				GENERATE_INFOPLIST_FILE = YES;
				INFOPLIST_FILE = NextRankUpWidget/Info.plist;
				INFOPLIST_KEY_CFBundleDisplayName = NextRankUpWidget;
				INFOPLIST_KEY_NSHumanReadableCopyright = "";
				LD_RUNPATH_SEARCH_PATHS = (
					"$(inherited)",
					"@executable_path/Frameworks",
					"@executable_path/../../Frameworks",
				);
				MARKETING_VERSION = 1.0;
				PRODUCT_BUNDLE_IDENTIFIER = com.khalid.cpp.LiftoffTemplate.NextRankUpWidget;
				PRODUCT_NAME = "$(TARGET_NAME)";
				SKIP_INSTALL = YES;
				STRING_CATALOG_GENERATE_SYMBOLS = YES;
				SWIFT_APPROACHABLE_CONCURRENCY = YES;
				SWIFT_EMIT_LOC_STRINGS = YES;
				SWIFT_UPCOMING_FEATURE_MEMBER_IMPORT_VISIBILITY = YES;
				SWIFT_VERSION = 5.0;
				TARGETED_DEVICE_FAMILY = "1,2";
			};
			name = Release;
		};
		5B804F1F2F5F0EC1003B5851 /* Debug */ = {
			isa = XCBuildConfiguration;
			buildSettings = {
				ASSETCATALOG_COMPILER_GLOBAL_ACCENT_COLOR_NAME = AccentColor;
				ASSETCATALOG_COMPILER_WIDGET_BACKGROUND_COLOR_NAME = WidgetBackground;
				CODE_SIGN_STYLE = Automatic;
				CURRENT_PROJECT_VERSION = 1;
				DEVELOPMENT_TEAM = 474KTUB9B4;
				GENERATE_INFOPLIST_FILE = YES;
				INFOPLIST_FILE = BestRankWidget/Info.plist;
				INFOPLIST_KEY_CFBundleDisplayName = BestRankWidget;
				INFOPLIST_KEY_NSHumanReadableCopyright = "";
				LD_RUNPATH_SEARCH_PATHS = (
					"$(inherited)",
					"@executable_path/Frameworks",
					"@executable_path/../../Frameworks",
				);
				MARKETING_VERSION = 1.0;
				PRODUCT_BUNDLE_IDENTIFIER = com.khalid.cpp.LiftoffTemplate.BestRankWidget;
				PRODUCT_NAME = "$(TARGET_NAME)";
				SKIP_INSTALL = YES;
				STRING_CATALOG_GENERATE_SYMBOLS = YES;
				SWIFT_APPROACHABLE_CONCURRENCY = YES;
				SWIFT_EMIT_LOC_STRINGS = YES;
				SWIFT_UPCOMING_FEATURE_MEMBER_IMPORT_VISIBILITY = YES;
				SWIFT_VERSION = 5.0;
				TARGETED_DEVICE_FAMILY = "1,2";
			};
			name = Debug;
		};
		5B804F202F5F0EC1003B5851 /* Release */ = {
			isa = XCBuildConfiguration;
			buildSettings = {
				ASSETCATALOG_COMPILER_GLOBAL_ACCENT_COLOR_NAME = AccentColor;
				ASSETCATALOG_COMPILER_WIDGET_BACKGROUND_COLOR_NAME = WidgetBackground;
				CODE_SIGN_STYLE = Automatic;
				CURRENT_PROJECT_VERSION = 1;
				DEVELOPMENT_TEAM = 474KTUB9B4;
				GENERATE_INFOPLIST_FILE = YES;
				INFOPLIST_FILE = BestRankWidget/Info.plist;
				INFOPLIST_KEY_CFBundleDisplayName = BestRankWidget;
				INFOPLIST_KEY_NSHumanReadableCopyright = "";
				LD_RUNPATH_SEARCH_PATHS = (
					"$(inherited)",
					"@executable_path/Frameworks",
					"@executable_path/../../Frameworks",
				);
				MARKETING_VERSION = 1.0;
				PRODUCT_BUNDLE_IDENTIFIER = com.khalid.cpp.LiftoffTemplate.BestRankWidget;
				PRODUCT_NAME = "$(TARGET_NAME)";
				SKIP_INSTALL = YES;
				STRING_CATALOG_GENERATE_SYMBOLS = YES;
				SWIFT_APPROACHABLE_CONCURRENCY = YES;
				SWIFT_EMIT_LOC_STRINGS = YES;
				SWIFT_UPCOMING_FEATURE_MEMBER_IMPORT_VISIBILITY = YES;
				SWIFT_VERSION = 5.0;
				TARGETED_DEVICE_FAMILY = "1,2";
			};
			name = Release;
		};
		5B804F412F60B424003B5851 /* Debug */ = {
			isa = XCBuildConfiguration;
			buildSettings = {
				ASSETCATALOG_COMPILER_GLOBAL_ACCENT_COLOR_NAME = AccentColor;
				ASSETCATALOG_COMPILER_WIDGET_BACKGROUND_COLOR_NAME = WidgetBackground;
				CODE_SIGN_STYLE = Automatic;
				CURRENT_PROJECT_VERSION = 1;
				DEVELOPMENT_TEAM = 474KTUB9B4;
				GENERATE_INFOPLIST_FILE = YES;
				INFOPLIST_FILE = BestRankWidgetMedium/Info.plist;
				INFOPLIST_KEY_CFBundleDisplayName = BestRankWidgetMedium;
				INFOPLIST_KEY_NSHumanReadableCopyright = "";
				LD_RUNPATH_SEARCH_PATHS = (
					"$(inherited)",
					"@executable_path/Frameworks",
					"@executable_path/../../Frameworks",
				);
				MARKETING_VERSION = 1.0;
				PRODUCT_BUNDLE_IDENTIFIER = com.khalid.cpp.LiftoffTemplate.BestRankWidgetMedium;
				PRODUCT_NAME = "$(TARGET_NAME)";
				SKIP_INSTALL = YES;
				STRING_CATALOG_GENERATE_SYMBOLS = YES;
				SWIFT_APPROACHABLE_CONCURRENCY = YES;
				SWIFT_EMIT_LOC_STRINGS = YES;
				SWIFT_UPCOMING_FEATURE_MEMBER_IMPORT_VISIBILITY = YES;
				SWIFT_VERSION = 5.0;
				TARGETED_DEVICE_FAMILY = "1,2";
			};
			name = Debug;
		};
		5B804F422F60B424003B5851 /* Release */ = {
			isa = XCBuildConfiguration;
			buildSettings = {
				ASSETCATALOG_COMPILER_GLOBAL_ACCENT_COLOR_NAME = AccentColor;
				ASSETCATALOG_COMPILER_WIDGET_BACKGROUND_COLOR_NAME = WidgetBackground;
				CODE_SIGN_STYLE = Automatic;
				CURRENT_PROJECT_VERSION = 1;
				DEVELOPMENT_TEAM = 474KTUB9B4;
				GENERATE_INFOPLIST_FILE = YES;
				INFOPLIST_FILE = BestRankWidgetMedium/Info.plist;
				INFOPLIST_KEY_CFBundleDisplayName = BestRankWidgetMedium;
				INFOPLIST_KEY_NSHumanReadableCopyright = "";
				LD_RUNPATH_SEARCH_PATHS = (
					"$(inherited)",
					"@executable_path/Frameworks",
					"@executable_path/../../Frameworks",
				);
				MARKETING_VERSION = 1.0;
				PRODUCT_BUNDLE_IDENTIFIER = com.khalid.cpp.LiftoffTemplate.BestRankWidgetMedium;
				PRODUCT_NAME = "$(TARGET_NAME)";
				SKIP_INSTALL = YES;
				STRING_CATALOG_GENERATE_SYMBOLS = YES;
				SWIFT_APPROACHABLE_CONCURRENCY = YES;
				SWIFT_EMIT_LOC_STRINGS = YES;
				SWIFT_UPCOMING_FEATURE_MEMBER_IMPORT_VISIBILITY = YES;
				SWIFT_VERSION = 5.0;
				TARGETED_DEVICE_FAMILY = "1,2";
			};
			name = Release;
		};
		5B804F632F62FAFF003B5851 /* Debug */ = {
			isa = XCBuildConfiguration;
			buildSettings = {
				ASSETCATALOG_COMPILER_GLOBAL_ACCENT_COLOR_NAME = AccentColor;
				ASSETCATALOG_COMPILER_WIDGET_BACKGROUND_COLOR_NAME = WidgetBackground;
				CODE_SIGN_STYLE = Automatic;
				CURRENT_PROJECT_VERSION = 1;
				DEVELOPMENT_TEAM = 474KTUB9B4;
				GENERATE_INFOPLIST_FILE = YES;
				INFOPLIST_FILE = LatestRankupMedium/Info.plist;
				INFOPLIST_KEY_CFBundleDisplayName = LatestRankupMedium;
				INFOPLIST_KEY_NSHumanReadableCopyright = "";
				LD_RUNPATH_SEARCH_PATHS = (
					"$(inherited)",
					"@executable_path/Frameworks",
					"@executable_path/../../Frameworks",
				);
				MARKETING_VERSION = 1.0;
				PRODUCT_BUNDLE_IDENTIFIER = com.khalid.cpp.LiftoffTemplate.LatestRankupMedium;
				PRODUCT_NAME = "$(TARGET_NAME)";
				SKIP_INSTALL = YES;
				STRING_CATALOG_GENERATE_SYMBOLS = YES;
				SWIFT_APPROACHABLE_CONCURRENCY = YES;
				SWIFT_EMIT_LOC_STRINGS = YES;
				SWIFT_UPCOMING_FEATURE_MEMBER_IMPORT_VISIBILITY = YES;
				SWIFT_VERSION = 5.0;
				TARGETED_DEVICE_FAMILY = "1,2";
			};
			name = Debug;
		};
		5B804F642F62FAFF003B5851 /* Release */ = {
			isa = XCBuildConfiguration;
			buildSettings = {
				ASSETCATALOG_COMPILER_GLOBAL_ACCENT_COLOR_NAME = AccentColor;
				ASSETCATALOG_COMPILER_WIDGET_BACKGROUND_COLOR_NAME = WidgetBackground;
				CODE_SIGN_STYLE = Automatic;
				CURRENT_PROJECT_VERSION = 1;
				DEVELOPMENT_TEAM = 474KTUB9B4;
				GENERATE_INFOPLIST_FILE = YES;
				INFOPLIST_FILE = LatestRankupMedium/Info.plist;
				INFOPLIST_KEY_CFBundleDisplayName = LatestRankupMedium;
				INFOPLIST_KEY_NSHumanReadableCopyright = "";
				LD_RUNPATH_SEARCH_PATHS = (
					"$(inherited)",
					"@executable_path/Frameworks",
					"@executable_path/../../Frameworks",
				);
				MARKETING_VERSION = 1.0;
				PRODUCT_BUNDLE_IDENTIFIER = com.khalid.cpp.LiftoffTemplate.LatestRankupMedium;
				PRODUCT_NAME = "$(TARGET_NAME)";
				SKIP_INSTALL = YES;
				STRING_CATALOG_GENERATE_SYMBOLS = YES;
				SWIFT_APPROACHABLE_CONCURRENCY = YES;
				SWIFT_EMIT_LOC_STRINGS = YES;
				SWIFT_UPCOMING_FEATURE_MEMBER_IMPORT_VISIBILITY = YES;
				SWIFT_VERSION = 5.0;
				TARGETED_DEVICE_FAMILY = "1,2";
			};
			name = Release;
		};
		5B82F5B32F5AD2310028F6F6 /* Debug */ = {
			isa = XCBuildConfiguration;
			buildSettings = {
				ASSETCATALOG_COMPILER_GLOBAL_ACCENT_COLOR_NAME = AccentColor;
				ASSETCATALOG_COMPILER_WIDGET_BACKGROUND_COLOR_NAME = WidgetBackground;
				CODE_SIGN_STYLE = Automatic;
				CURRENT_PROJECT_VERSION = 1;
				DEVELOPMENT_TEAM = 474KTUB9B4;
				GENERATE_INFOPLIST_FILE = YES;
				INFOPLIST_FILE = NextRankUpWidgetMedium/Info.plist;
				INFOPLIST_KEY_CFBundleDisplayName = NextRankUpWidgetMedium;
				INFOPLIST_KEY_NSHumanReadableCopyright = "";
				LD_RUNPATH_SEARCH_PATHS = (
					"$(inherited)",
					"@executable_path/Frameworks",
					"@executable_path/../../Frameworks",
				);
				MARKETING_VERSION = 1.0;
				PRODUCT_BUNDLE_IDENTIFIER = com.khalid.cpp.LiftoffTemplate.NextRankUpWidgetMedium;
				PRODUCT_NAME = "$(TARGET_NAME)";
				SKIP_INSTALL = YES;
				STRING_CATALOG_GENERATE_SYMBOLS = YES;
				SWIFT_APPROACHABLE_CONCURRENCY = YES;
				SWIFT_EMIT_LOC_STRINGS = YES;
				SWIFT_UPCOMING_FEATURE_MEMBER_IMPORT_VISIBILITY = YES;
				SWIFT_VERSION = 5.0;
				TARGETED_DEVICE_FAMILY = "1,2";
			};
			name = Debug;
		};
		5B82F5B42F5AD2310028F6F6 /* Release */ = {
			isa = XCBuildConfiguration;
			buildSettings = {
				ASSETCATALOG_COMPILER_GLOBAL_ACCENT_COLOR_NAME = AccentColor;
				ASSETCATALOG_COMPILER_WIDGET_BACKGROUND_COLOR_NAME = WidgetBackground;
				CODE_SIGN_STYLE = Automatic;
				CURRENT_PROJECT_VERSION = 1;
				DEVELOPMENT_TEAM = 474KTUB9B4;
				GENERATE_INFOPLIST_FILE = YES;
				INFOPLIST_FILE = NextRankUpWidgetMedium/Info.plist;
				INFOPLIST_KEY_CFBundleDisplayName = NextRankUpWidgetMedium;
				INFOPLIST_KEY_NSHumanReadableCopyright = "";
				LD_RUNPATH_SEARCH_PATHS = (
					"$(inherited)",
					"@executable_path/Frameworks",
					"@executable_path/../../Frameworks",
				);
				MARKETING_VERSION = 1.0;
				PRODUCT_BUNDLE_IDENTIFIER = com.khalid.cpp.LiftoffTemplate.NextRankUpWidgetMedium;
				PRODUCT_NAME = "$(TARGET_NAME)";
				SKIP_INSTALL = YES;
				STRING_CATALOG_GENERATE_SYMBOLS = YES;
				SWIFT_APPROACHABLE_CONCURRENCY = YES;
				SWIFT_EMIT_LOC_STRINGS = YES;
				SWIFT_UPCOMING_FEATURE_MEMBER_IMPORT_VISIBILITY = YES;
				SWIFT_VERSION = 5.0;
				TARGETED_DEVICE_FAMILY = "1,2";
			};
			name = Release;
		};
		5BD07E9E2F50DE45006BE706 /* Debug */ = {
			isa = XCBuildConfiguration;
			buildSettings = {
				ALWAYS_SEARCH_USER_PATHS = NO;
				ASSETCATALOG_COMPILER_GENERATE_SWIFT_ASSET_SYMBOL_EXTENSIONS = YES;
				CLANG_ANALYZER_NONNULL = YES;
				CLANG_ANALYZER_NUMBER_OBJECT_CONVERSION = YES_AGGRESSIVE;
				CLANG_CXX_LANGUAGE_STANDARD = "gnu++20";
				CLANG_ENABLE_MODULES = YES;
				CLANG_ENABLE_OBJC_ARC = YES;
				CLANG_ENABLE_OBJC_WEAK = YES;
				CLANG_WARN_BLOCK_CAPTURE_AUTORELEASING = YES;
				CLANG_WARN_BOOL_CONVERSION = YES;
				CLANG_WARN_COMMA = YES;
				CLANG_WARN_CONSTANT_CONVERSION = YES;
				CLANG_WARN_DEPRECATED_OBJC_IMPLEMENTATIONS = YES;
				CLANG_WARN_DIRECT_OBJC_ISA_USAGE = YES_ERROR;
				CLANG_WARN_DOCUMENTATION_COMMENTS = YES;
				CLANG_WARN_EMPTY_BODY = YES;
				CLANG_WARN_ENUM_CONVERSION = YES;
				CLANG_WARN_INFINITE_RECURSION = YES;
				CLANG_WARN_INT_CONVERSION = YES;
				CLANG_WARN_NON_LITERAL_NULL_CONVERSION = YES;
				CLANG_WARN_OBJC_IMPLICIT_RETAIN_SELF = YES;
				CLANG_WARN_OBJC_LITERAL_CONVERSION = YES;
				CLANG_WARN_OBJC_ROOT_CLASS = YES_ERROR;
				CLANG_WARN_QUOTED_INCLUDE_IN_FRAMEWORK_HEADER = YES;
				CLANG_WARN_RANGE_LOOP_ANALYSIS = YES;
				CLANG_WARN_STRICT_PROTOTYPES = YES;
				CLANG_WARN_SUSPICIOUS_MOVE = YES;
				CLANG_WARN_UNGUARDED_AVAILABILITY = YES_AGGRESSIVE;
				CLANG_WARN_UNREACHABLE_CODE = YES;
				CLANG_WARN__DUPLICATE_METHOD_MATCH = YES;
				COPY_PHASE_STRIP = NO;
				DEBUG_INFORMATION_FORMAT = dwarf;
				DEVELOPMENT_TEAM = 474KTUB9B4;
				ENABLE_STRICT_OBJC_MSGSEND = YES;
				ENABLE_TESTABILITY = YES;
				ENABLE_USER_SCRIPT_SANDBOXING = YES;
				GCC_C_LANGUAGE_STANDARD = gnu17;
				GCC_DYNAMIC_NO_PIC = NO;
				GCC_NO_COMMON_BLOCKS = YES;
				GCC_OPTIMIZATION_LEVEL = 0;
				GCC_PREPROCESSOR_DEFINITIONS = (
					"DEBUG=1",
					"$(inherited)",
				);
				GCC_WARN_64_TO_32_BIT_CONVERSION = YES;
				GCC_WARN_ABOUT_RETURN_TYPE = YES_ERROR;
				GCC_WARN_UNDECLARED_SELECTOR = YES;
				GCC_WARN_UNINITIALIZED_AUTOS = YES_AGGRESSIVE;
				GCC_WARN_UNUSED_FUNCTION = YES;
				GCC_WARN_UNUSED_VARIABLE = YES;
				IPHONEOS_DEPLOYMENT_TARGET = 26.2;
				LOCALIZATION_PREFERS_STRING_CATALOGS = YES;
				MTL_ENABLE_DEBUG_INFO = INCLUDE_SOURCE;
				MTL_FAST_MATH = YES;
				ONLY_ACTIVE_ARCH = YES;
				SDKROOT = iphoneos;
				SWIFT_ACTIVE_COMPILATION_CONDITIONS = "DEBUG $(inherited)";
				SWIFT_OPTIMIZATION_LEVEL = "-Onone";
			};
			name = Debug;
		};
		5BD07E9F2F50DE45006BE706 /* Release */ = {
			isa = XCBuildConfiguration;
			buildSettings = {
				ALWAYS_SEARCH_USER_PATHS = NO;
				ASSETCATALOG_COMPILER_GENERATE_SWIFT_ASSET_SYMBOL_EXTENSIONS = YES;
				CLANG_ANALYZER_NONNULL = YES;
				CLANG_ANALYZER_NUMBER_OBJECT_CONVERSION = YES_AGGRESSIVE;
				CLANG_CXX_LANGUAGE_STANDARD = "gnu++20";
				CLANG_ENABLE_MODULES = YES;
				CLANG_ENABLE_OBJC_ARC = YES;
				CLANG_ENABLE_OBJC_WEAK = YES;
				CLANG_WARN_BLOCK_CAPTURE_AUTORELEASING = YES;
				CLANG_WARN_BOOL_CONVERSION = YES;
				CLANG_WARN_COMMA = YES;
				CLANG_WARN_CONSTANT_CONVERSION = YES;
				CLANG_WARN_DEPRECATED_OBJC_IMPLEMENTATIONS = YES;
				CLANG_WARN_DIRECT_OBJC_ISA_USAGE = YES_ERROR;
				CLANG_WARN_DOCUMENTATION_COMMENTS = YES;
				CLANG_WARN_EMPTY_BODY = YES;
				CLANG_WARN_ENUM_CONVERSION = YES;
				CLANG_WARN_INFINITE_RECURSION = YES;
				CLANG_WARN_INT_CONVERSION = YES;
				CLANG_WARN_NON_LITERAL_NULL_CONVERSION = YES;
				CLANG_WARN_OBJC_IMPLICIT_RETAIN_SELF = YES;
				CLANG_WARN_OBJC_LITERAL_CONVERSION = YES;
				CLANG_WARN_OBJC_ROOT_CLASS = YES_ERROR;
				CLANG_WARN_QUOTED_INCLUDE_IN_FRAMEWORK_HEADER = YES;
				CLANG_WARN_RANGE_LOOP_ANALYSIS = YES;
				CLANG_WARN_STRICT_PROTOTYPES = YES;
				CLANG_WARN_SUSPICIOUS_MOVE = YES;
				CLANG_WARN_UNGUARDED_AVAILABILITY = YES_AGGRESSIVE;
				CLANG_WARN_UNREACHABLE_CODE = YES;
				CLANG_WARN__DUPLICATE_METHOD_MATCH = YES;
				COPY_PHASE_STRIP = NO;
				DEBUG_INFORMATION_FORMAT = "dwarf-with-dsym";
				DEVELOPMENT_TEAM = 474KTUB9B4;
				ENABLE_NS_ASSERTIONS = NO;
				ENABLE_STRICT_OBJC_MSGSEND = YES;
				ENABLE_USER_SCRIPT_SANDBOXING = YES;
				GCC_C_LANGUAGE_STANDARD = gnu17;
				GCC_NO_COMMON_BLOCKS = YES;
				GCC_WARN_64_TO_32_BIT_CONVERSION = YES;
				GCC_WARN_ABOUT_RETURN_TYPE = YES_ERROR;
				GCC_WARN_UNDECLARED_SELECTOR = YES;
				GCC_WARN_UNINITIALIZED_AUTOS = YES_AGGRESSIVE;
				GCC_WARN_UNUSED_FUNCTION = YES;
				GCC_WARN_UNUSED_VARIABLE = YES;
				IPHONEOS_DEPLOYMENT_TARGET = 26.2;
				LOCALIZATION_PREFERS_STRING_CATALOGS = YES;
				MTL_ENABLE_DEBUG_INFO = NO;
				MTL_FAST_MATH = YES;
				SDKROOT = iphoneos;
				SWIFT_COMPILATION_MODE = wholemodule;
				VALIDATE_PRODUCT = YES;
			};
			name = Release;
		};
		5BD07EA12F50DE45006BE706 /* Debug */ = {
			isa = XCBuildConfiguration;
			buildSettings = {
				ASSETCATALOG_COMPILER_APPICON_NAME = AppIcon;
				ASSETCATALOG_COMPILER_GLOBAL_ACCENT_COLOR_NAME = AccentColor;
				CODE_SIGN_STYLE = Automatic;
				CURRENT_PROJECT_VERSION = 1;
				DEVELOPMENT_TEAM = 474KTUB9B4;
				ENABLE_PREVIEWS = YES;
				GENERATE_INFOPLIST_FILE = YES;
				INFOPLIST_KEY_UIApplicationSceneManifest_Generation = YES;
				INFOPLIST_KEY_UIApplicationSupportsIndirectInputEvents = YES;
				INFOPLIST_KEY_UILaunchScreen_Generation = YES;
				INFOPLIST_KEY_UISupportedInterfaceOrientations_iPad = "UIInterfaceOrientationPortrait UIInterfaceOrientationPortraitUpsideDown UIInterfaceOrientationLandscapeLeft UIInterfaceOrientationLandscapeRight";
				INFOPLIST_KEY_UISupportedInterfaceOrientations_iPhone = "UIInterfaceOrientationPortrait UIInterfaceOrientationLandscapeLeft UIInterfaceOrientationLandscapeRight";
				LD_RUNPATH_SEARCH_PATHS = (
					"$(inherited)",
					"@executable_path/Frameworks",
				);
				MARKETING_VERSION = 1.0;
				PRODUCT_BUNDLE_IDENTIFIER = com.khalid.cpp.LiftoffTemplate;
				PRODUCT_NAME = "$(TARGET_NAME)";
				STRING_CATALOG_GENERATE_SYMBOLS = YES;
				SWIFT_APPROACHABLE_CONCURRENCY = YES;
				SWIFT_DEFAULT_ACTOR_ISOLATION = MainActor;
				SWIFT_EMIT_LOC_STRINGS = YES;
				SWIFT_UPCOMING_FEATURE_MEMBER_IMPORT_VISIBILITY = YES;
				SWIFT_VERSION = 5.0;
				TARGETED_DEVICE_FAMILY = "1,2";
			};
			name = Debug;
		};
		5BD07EA22F50DE45006BE706 /* Release */ = {
			isa = XCBuildConfiguration;
			buildSettings = {
				ASSETCATALOG_COMPILER_APPICON_NAME = AppIcon;
				ASSETCATALOG_COMPILER_GLOBAL_ACCENT_COLOR_NAME = AccentColor;
				CODE_SIGN_STYLE = Automatic;
				CURRENT_PROJECT_VERSION = 1;
				DEVELOPMENT_TEAM = 474KTUB9B4;
				ENABLE_PREVIEWS = YES;
				GENERATE_INFOPLIST_FILE = YES;
				INFOPLIST_KEY_UIApplicationSceneManifest_Generation = YES;
				INFOPLIST_KEY_UIApplicationSupportsIndirectInputEvents = YES;
				INFOPLIST_KEY_UILaunchScreen_Generation = YES;
				INFOPLIST_KEY_UISupportedInterfaceOrientations_iPad = "UIInterfaceOrientationPortrait UIInterfaceOrientationPortraitUpsideDown UIInterfaceOrientationLandscapeLeft UIInterfaceOrientationLandscapeRight";
				INFOPLIST_KEY_UISupportedInterfaceOrientations_iPhone = "UIInterfaceOrientationPortrait UIInterfaceOrientationLandscapeLeft UIInterfaceOrientationLandscapeRight";
				LD_RUNPATH_SEARCH_PATHS = (
					"$(inherited)",
					"@executable_path/Frameworks",
				);
				MARKETING_VERSION = 1.0;
				PRODUCT_BUNDLE_IDENTIFIER = com.khalid.cpp.LiftoffTemplate;
				PRODUCT_NAME = "$(TARGET_NAME)";
				STRING_CATALOG_GENERATE_SYMBOLS = YES;
				SWIFT_APPROACHABLE_CONCURRENCY = YES;
				SWIFT_DEFAULT_ACTOR_ISOLATION = MainActor;
				SWIFT_EMIT_LOC_STRINGS = YES;
				SWIFT_UPCOMING_FEATURE_MEMBER_IMPORT_VISIBILITY = YES;
				SWIFT_VERSION = 5.0;
				TARGETED_DEVICE_FAMILY = "1,2";
			};
			name = Release;
		};
		5BD07EC02F50DE75006BE706 /* Debug */ = {
			isa = XCBuildConfiguration;
			buildSettings = {
				ASSETCATALOG_COMPILER_GLOBAL_ACCENT_COLOR_NAME = AccentColor;
				ASSETCATALOG_COMPILER_WIDGET_BACKGROUND_COLOR_NAME = WidgetBackground;
				CODE_SIGN_STYLE = Automatic;
				CURRENT_PROJECT_VERSION = 1;
				DEVELOPMENT_TEAM = 474KTUB9B4;
				GENERATE_INFOPLIST_FILE = YES;
				INFOPLIST_FILE = MainLiftoffRankWidget/Info.plist;
				INFOPLIST_KEY_CFBundleDisplayName = MainLiftoffRankWidget;
				INFOPLIST_KEY_NSHumanReadableCopyright = "";
				LD_RUNPATH_SEARCH_PATHS = (
					"$(inherited)",
					"@executable_path/Frameworks",
					"@executable_path/../../Frameworks",
				);
				MARKETING_VERSION = 1.0;
				PRODUCT_BUNDLE_IDENTIFIER = com.khalid.cpp.LiftoffTemplate.MainLiftoffRankWidget;
				PRODUCT_NAME = "$(TARGET_NAME)";
				SKIP_INSTALL = YES;
				STRING_CATALOG_GENERATE_SYMBOLS = YES;
				SWIFT_APPROACHABLE_CONCURRENCY = YES;
				SWIFT_EMIT_LOC_STRINGS = YES;
				SWIFT_UPCOMING_FEATURE_MEMBER_IMPORT_VISIBILITY = YES;
				SWIFT_VERSION = 5.0;
				TARGETED_DEVICE_FAMILY = "1,2";
			};
			name = Debug;
		};
		5BD07EC12F50DE75006BE706 /* Release */ = {
			isa = XCBuildConfiguration;
			buildSettings = {
				ASSETCATALOG_COMPILER_GLOBAL_ACCENT_COLOR_NAME = AccentColor;
				ASSETCATALOG_COMPILER_WIDGET_BACKGROUND_COLOR_NAME = WidgetBackground;
				CODE_SIGN_STYLE = Automatic;
				CURRENT_PROJECT_VERSION = 1;
				DEVELOPMENT_TEAM = 474KTUB9B4;
				GENERATE_INFOPLIST_FILE = YES;
				INFOPLIST_FILE = MainLiftoffRankWidget/Info.plist;
				INFOPLIST_KEY_CFBundleDisplayName = MainLiftoffRankWidget;
				INFOPLIST_KEY_NSHumanReadableCopyright = "";
				LD_RUNPATH_SEARCH_PATHS = (
					"$(inherited)",
					"@executable_path/Frameworks",
					"@executable_path/../../Frameworks",
				);
				MARKETING_VERSION = 1.0;
				PRODUCT_BUNDLE_IDENTIFIER = com.khalid.cpp.LiftoffTemplate.MainLiftoffRankWidget;
				PRODUCT_NAME = "$(TARGET_NAME)";
				SKIP_INSTALL = YES;
				STRING_CATALOG_GENERATE_SYMBOLS = YES;
				SWIFT_APPROACHABLE_CONCURRENCY = YES;
				SWIFT_EMIT_LOC_STRINGS = YES;
				SWIFT_UPCOMING_FEATURE_MEMBER_IMPORT_VISIBILITY = YES;
				SWIFT_VERSION = 5.0;
				TARGETED_DEVICE_FAMILY = "1,2";
			};
			name = Release;
		};
		5BD07EDF2F524BA5006BE706 /* Debug */ = {
			isa = XCBuildConfiguration;
			buildSettings = {
				ASSETCATALOG_COMPILER_GLOBAL_ACCENT_COLOR_NAME = AccentColor;
				ASSETCATALOG_COMPILER_WIDGET_BACKGROUND_COLOR_NAME = WidgetBackground;
				CODE_SIGN_STYLE = Automatic;
				CURRENT_PROJECT_VERSION = 1;
				DEVELOPMENT_TEAM = 474KTUB9B4;
				GENERATE_INFOPLIST_FILE = YES;
				INFOPLIST_FILE = MainLiftoffRankWidgetMascot/Info.plist;
				INFOPLIST_KEY_CFBundleDisplayName = MainLiftoffRankWidgetMascot;
				INFOPLIST_KEY_NSHumanReadableCopyright = "";
				LD_RUNPATH_SEARCH_PATHS = (
					"$(inherited)",
					"@executable_path/Frameworks",
					"@executable_path/../../Frameworks",
				);
				MARKETING_VERSION = 1.0;
				PRODUCT_BUNDLE_IDENTIFIER = com.khalid.cpp.LiftoffTemplate.MainLiftoffRankWidgetMascot;
				PRODUCT_NAME = "$(TARGET_NAME)";
				SKIP_INSTALL = YES;
				STRING_CATALOG_GENERATE_SYMBOLS = YES;
				SWIFT_APPROACHABLE_CONCURRENCY = YES;
				SWIFT_EMIT_LOC_STRINGS = YES;
				SWIFT_UPCOMING_FEATURE_MEMBER_IMPORT_VISIBILITY = YES;
				SWIFT_VERSION = 5.0;
				TARGETED_DEVICE_FAMILY = "1,2";
			};
			name = Debug;
		};
		5BD07EE02F524BA5006BE706 /* Release */ = {
			isa = XCBuildConfiguration;
			buildSettings = {
				ASSETCATALOG_COMPILER_GLOBAL_ACCENT_COLOR_NAME = AccentColor;
				ASSETCATALOG_COMPILER_WIDGET_BACKGROUND_COLOR_NAME = WidgetBackground;
				CODE_SIGN_STYLE = Automatic;
				CURRENT_PROJECT_VERSION = 1;
				DEVELOPMENT_TEAM = 474KTUB9B4;
				GENERATE_INFOPLIST_FILE = YES;
				INFOPLIST_FILE = MainLiftoffRankWidgetMascot/Info.plist;
				INFOPLIST_KEY_CFBundleDisplayName = MainLiftoffRankWidgetMascot;
				INFOPLIST_KEY_NSHumanReadableCopyright = "";
				LD_RUNPATH_SEARCH_PATHS = (
					"$(inherited)",
					"@executable_path/Frameworks",
					"@executable_path/../../Frameworks",
				);
				MARKETING_VERSION = 1.0;
				PRODUCT_BUNDLE_IDENTIFIER = com.khalid.cpp.LiftoffTemplate.MainLiftoffRankWidgetMascot;
				PRODUCT_NAME = "$(TARGET_NAME)";
				SKIP_INSTALL = YES;
				STRING_CATALOG_GENERATE_SYMBOLS = YES;
				SWIFT_APPROACHABLE_CONCURRENCY = YES;
				SWIFT_EMIT_LOC_STRINGS = YES;
				SWIFT_UPCOMING_FEATURE_MEMBER_IMPORT_VISIBILITY = YES;
				SWIFT_VERSION = 5.0;
				TARGETED_DEVICE_FAMILY = "1,2";
			};
			name = Release;
		};
		5BD07F212F5362C2006BE706 /* Debug */ = {
			isa = XCBuildConfiguration;
			buildSettings = {
				ASSETCATALOG_COMPILER_GLOBAL_ACCENT_COLOR_NAME = AccentColor;
				ASSETCATALOG_COMPILER_WIDGET_BACKGROUND_COLOR_NAME = WidgetBackground;
				CODE_SIGN_STYLE = Automatic;
				CURRENT_PROJECT_VERSION = 1;
				DEVELOPMENT_TEAM = 474KTUB9B4;
				GENERATE_INFOPLIST_FILE = YES;
				INFOPLIST_FILE = MainLiftoffRankWidgetMascotMedium/Info.plist;
				INFOPLIST_KEY_CFBundleDisplayName = MainLiftoffRankWidgetMascotMedium;
				INFOPLIST_KEY_NSHumanReadableCopyright = "";
				LD_RUNPATH_SEARCH_PATHS = (
					"$(inherited)",
					"@executable_path/Frameworks",
					"@executable_path/../../Frameworks",
				);
				MARKETING_VERSION = 1.0;
				PRODUCT_BUNDLE_IDENTIFIER = com.khalid.cpp.LiftoffTemplate.MainLiftoffRankWidgetMascotMedium;
				PRODUCT_NAME = "$(TARGET_NAME)";
				SKIP_INSTALL = YES;
				STRING_CATALOG_GENERATE_SYMBOLS = YES;
				SWIFT_APPROACHABLE_CONCURRENCY = YES;
				SWIFT_EMIT_LOC_STRINGS = YES;
				SWIFT_UPCOMING_FEATURE_MEMBER_IMPORT_VISIBILITY = YES;
				SWIFT_VERSION = 5.0;
				TARGETED_DEVICE_FAMILY = "1,2";
			};
			name = Debug;
		};
		5BD07F222F5362C2006BE706 /* Release */ = {
			isa = XCBuildConfiguration;
			buildSettings = {
				ASSETCATALOG_COMPILER_GLOBAL_ACCENT_COLOR_NAME = AccentColor;
				ASSETCATALOG_COMPILER_WIDGET_BACKGROUND_COLOR_NAME = WidgetBackground;
				CODE_SIGN_STYLE = Automatic;
				CURRENT_PROJECT_VERSION = 1;
				DEVELOPMENT_TEAM = 474KTUB9B4;
				GENERATE_INFOPLIST_FILE = YES;
				INFOPLIST_FILE = MainLiftoffRankWidgetMascotMedium/Info.plist;
				INFOPLIST_KEY_CFBundleDisplayName = MainLiftoffRankWidgetMascotMedium;
				INFOPLIST_KEY_NSHumanReadableCopyright = "";
				LD_RUNPATH_SEARCH_PATHS = (
					"$(inherited)",
					"@executable_path/Frameworks",
					"@executable_path/../../Frameworks",
				);
				MARKETING_VERSION = 1.0;
				PRODUCT_BUNDLE_IDENTIFIER = com.khalid.cpp.LiftoffTemplate.MainLiftoffRankWidgetMascotMedium;
				PRODUCT_NAME = "$(TARGET_NAME)";
				SKIP_INSTALL = YES;
				STRING_CATALOG_GENERATE_SYMBOLS = YES;
				SWIFT_APPROACHABLE_CONCURRENCY = YES;
				SWIFT_EMIT_LOC_STRINGS = YES;
				SWIFT_UPCOMING_FEATURE_MEMBER_IMPORT_VISIBILITY = YES;
				SWIFT_VERSION = 5.0;
				TARGETED_DEVICE_FAMILY = "1,2";
			};
			name = Release;
		};
		5BD07F3F2F579854006BE706 /* Debug */ = {
			isa = XCBuildConfiguration;
			buildSettings = {
				ASSETCATALOG_COMPILER_GLOBAL_ACCENT_COLOR_NAME = AccentColor;
				ASSETCATALOG_COMPILER_WIDGET_BACKGROUND_COLOR_NAME = WidgetBackground;
				CODE_SIGN_STYLE = Automatic;
				CURRENT_PROJECT_VERSION = 1;
				DEVELOPMENT_TEAM = 474KTUB9B4;
				GENERATE_INFOPLIST_FILE = YES;
				INFOPLIST_FILE = MainLiftoffRankWidgetMedium/Info.plist;
				INFOPLIST_KEY_CFBundleDisplayName = MainLiftoffRankWidgetMedium;
				INFOPLIST_KEY_NSHumanReadableCopyright = "";
				LD_RUNPATH_SEARCH_PATHS = (
					"$(inherited)",
					"@executable_path/Frameworks",
					"@executable_path/../../Frameworks",
				);
				MARKETING_VERSION = 1.0;
				PRODUCT_BUNDLE_IDENTIFIER = com.khalid.cpp.LiftoffTemplate.MainLiftoffRankWidgetMedium;
				PRODUCT_NAME = "$(TARGET_NAME)";
				SKIP_INSTALL = YES;
				STRING_CATALOG_GENERATE_SYMBOLS = YES;
				SWIFT_APPROACHABLE_CONCURRENCY = YES;
				SWIFT_EMIT_LOC_STRINGS = YES;
				SWIFT_UPCOMING_FEATURE_MEMBER_IMPORT_VISIBILITY = YES;
				SWIFT_VERSION = 5.0;
				TARGETED_DEVICE_FAMILY = "1,2";
			};
			name = Debug;
		};
		5BD07F402F579854006BE706 /* Release */ = {
			isa = XCBuildConfiguration;
			buildSettings = {
				ASSETCATALOG_COMPILER_GLOBAL_ACCENT_COLOR_NAME = AccentColor;
				ASSETCATALOG_COMPILER_WIDGET_BACKGROUND_COLOR_NAME = WidgetBackground;
				CODE_SIGN_STYLE = Automatic;
				CURRENT_PROJECT_VERSION = 1;
				DEVELOPMENT_TEAM = 474KTUB9B4;
				GENERATE_INFOPLIST_FILE = YES;
				INFOPLIST_FILE = MainLiftoffRankWidgetMedium/Info.plist;
				INFOPLIST_KEY_CFBundleDisplayName = MainLiftoffRankWidgetMedium;
				INFOPLIST_KEY_NSHumanReadableCopyright = "";
				LD_RUNPATH_SEARCH_PATHS = (
					"$(inherited)",
					"@executable_path/Frameworks",
					"@executable_path/../../Frameworks",
				);
				MARKETING_VERSION = 1.0;
				PRODUCT_BUNDLE_IDENTIFIER = com.khalid.cpp.LiftoffTemplate.MainLiftoffRankWidgetMedium;
				PRODUCT_NAME = "$(TARGET_NAME)";
				SKIP_INSTALL = YES;
				STRING_CATALOG_GENERATE_SYMBOLS = YES;
				SWIFT_APPROACHABLE_CONCURRENCY = YES;
				SWIFT_EMIT_LOC_STRINGS = YES;
				SWIFT_UPCOMING_FEATURE_MEMBER_IMPORT_VISIBILITY = YES;
				SWIFT_VERSION = 5.0;
				TARGETED_DEVICE_FAMILY = "1,2";
			};
			name = Release;
		};
/* End XCBuildConfiguration section */

/* Begin XCConfigurationList section */
		5B3285E82F587C5D0038D08E /* Build configuration list for PBXNativeTarget "NextRankUpWidgetExtension" */ = {
			isa = XCConfigurationList;
			buildConfigurations = (
				5B3285E52F587C5D0038D08E /* Debug */,
				5B3285E62F587C5D0038D08E /* Release */,
			);
			defaultConfigurationIsVisible = 0;
			defaultConfigurationName = Release;
		};
		5B804F222F5F0EC1003B5851 /* Build configuration list for PBXNativeTarget "BestRankWidgetExtension" */ = {
			isa = XCConfigurationList;
			buildConfigurations = (
				5B804F1F2F5F0EC1003B5851 /* Debug */,
				5B804F202F5F0EC1003B5851 /* Release */,
			);
			defaultConfigurationIsVisible = 0;
			defaultConfigurationName = Release;
		};
		5B804F402F60B424003B5851 /* Build configuration list for PBXNativeTarget "BestRankWidgetMediumExtension" */ = {
			isa = XCConfigurationList;
			buildConfigurations = (
				5B804F412F60B424003B5851 /* Debug */,
				5B804F422F60B424003B5851 /* Release */,
			);
			defaultConfigurationIsVisible = 0;
			defaultConfigurationName = Release;
		};
		5B804F622F62FAFF003B5851 /* Build configuration list for PBXNativeTarget "LatestRankupMediumExtension" */ = {
			isa = XCConfigurationList;
			buildConfigurations = (
				5B804F632F62FAFF003B5851 /* Debug */,
				5B804F642F62FAFF003B5851 /* Release */,
			);
			defaultConfigurationIsVisible = 0;
			defaultConfigurationName = Release;
		};
		5B82F5B62F5AD2310028F6F6 /* Build configuration list for PBXNativeTarget "NextRankUpWidgetMediumExtension" */ = {
			isa = XCConfigurationList;
			buildConfigurations = (
				5B82F5B32F5AD2310028F6F6 /* Debug */,
				5B82F5B42F5AD2310028F6F6 /* Release */,
			);
			defaultConfigurationIsVisible = 0;
			defaultConfigurationName = Release;
		};
		5BD07E902F50DE43006BE706 /* Build configuration list for PBXProject "LiftoffTemplate" */ = {
			isa = XCConfigurationList;
			buildConfigurations = (
				5BD07E9E2F50DE45006BE706 /* Debug */,
				5BD07E9F2F50DE45006BE706 /* Release */,
			);
			defaultConfigurationIsVisible = 0;
			defaultConfigurationName = Release;
		};
		5BD07EA02F50DE45006BE706 /* Build configuration list for PBXNativeTarget "LiftoffTemplate" */ = {
			isa = XCConfigurationList;
			buildConfigurations = (
				5BD07EA12F50DE45006BE706 /* Debug */,
				5BD07EA22F50DE45006BE706 /* Release */,
			);
			defaultConfigurationIsVisible = 0;
			defaultConfigurationName = Release;
		};
		5BD07EBF2F50DE75006BE706 /* Build configuration list for PBXNativeTarget "MainLiftoffRankWidgetExtension" */ = {
			isa = XCConfigurationList;
			buildConfigurations = (
				5BD07EC02F50DE75006BE706 /* Debug */,
				5BD07EC12F50DE75006BE706 /* Release */,
			);
			defaultConfigurationIsVisible = 0;
			defaultConfigurationName = Release;
		};
		5BD07EDE2F524BA5006BE706 /* Build configuration list for PBXNativeTarget "MainLiftoffRankWidgetMascotExtension" */ = {
			isa = XCConfigurationList;
			buildConfigurations = (
				5BD07EDF2F524BA5006BE706 /* Debug */,
				5BD07EE02F524BA5006BE706 /* Release */,
			);
			defaultConfigurationIsVisible = 0;
			defaultConfigurationName = Release;
		};
		5BD07F202F5362C2006BE706 /* Build configuration list for PBXNativeTarget "MainLiftoffRankWidgetMascotMediumExtension" */ = {
			isa = XCConfigurationList;
			buildConfigurations = (
				5BD07F212F5362C2006BE706 /* Debug */,
				5BD07F222F5362C2006BE706 /* Release */,
			);
			defaultConfigurationIsVisible = 0;
			defaultConfigurationName = Release;
		};
		5BD07F3E2F579854006BE706 /* Build configuration list for PBXNativeTarget "MainLiftoffRankWidgetMediumExtension" */ = {
			isa = XCConfigurationList;
			buildConfigurations = (
				5BD07F3F2F579854006BE706 /* Debug */,
				5BD07F402F579854006BE706 /* Release */,
			);
			defaultConfigurationIsVisible = 0;
			defaultConfigurationName = Release;
		};
/* End XCConfigurationList section */
	};
	rootObject = 5BD07E8D2F50DE43006BE706 /* Project object */;
}
